
Microsoft Visual Studio Solution File, Format Version 12.00
# Visual Studio Version 17
VisualStudioVersion = 17.4.33213.308
MinimumVisualStudioVersion = 10.0.40219.1
Project("{FAE04EC0-301F-11D3-BF4B-00C04F79EFBC}") = "MagicSquare", "MagicSquare\MagicSquare.csproj", "{3E36714D-2A58-45E8-8921-883AA514FDEE}"
EndProject
Global
	GlobalSection(SolutionConfigurationPlatforms) = preSolution
		Debug|Any CPU = Debug|Any CPU
		Release|Any CPU = Release|Any CPU
	EndGlobalSection
	GlobalSection(ProjectConfigurationPlatforms) = postSolution
		{3E36714D-2A58-45E8-8921-883AA514FDEE}.Debug|Any CPU.ActiveCfg = Debug|Any CPU
		{3E36714D-2A58-45E8-8921-883AA514FDEE}.Debug|Any CPU.Build.0 = Debug|Any CPU
		{3E36714D-2A58-45E8-8921-883AA514FDEE}.Release|Any CPU.ActiveCfg = Release|Any CPU
		{3E36714D-2A58-45E8-8921-883AA514FDEE}.Release|Any CPU.Build.0 = Release|Any CPU
	EndGlobalSection
	GlobalSection(SolutionProperties) = preSolution
		HideSolutionNode = FALSE
	EndGlobalSection
	GlobalSection(ExtensibilityGlobals) = postSolution
		SolutionGuid = {AA427E8E-1D60-49E0-BD0C-E11EB59A590A}
	EndGlobalSection
EndGlobal
